// !$*UTF8*$!
{
	archiveVersion = 1;
	classes = {
	};
	objectVersion = 77;
	objects = {

/* Begin PBXContainerItemProxy section */
		F58BB8592FAF774B005A1B52 /* PBXContainerItemProxy */ = {
			isa = PBXContainerItemProxy;
			containerPortal = F58BB8252FAF7013005A1B52 /* Project object */;
			proxyType = 1;
			remoteGlobalIDString = F58BB82C2FAF7013005A1B52;
			remoteInfo = ActivateSwift;
		};
		F58BB85A2FAF774B005A1B52 /* PBXContainerItemProxy */ = {
			isa = PBXContainerItemProxy;
			containerPortal = F58BB8252FAF7013005A1B52 /* Project object */;
			proxyType = 1;
			remoteGlobalIDString = F58BB82C2FAF7013005A1B52;
			remoteInfo = ActivateSwift;
		};
/* End PBXContainerItemProxy section */

/* Begin PBXFileReference section */
		F58BB82D2FAF7013005A1B52 /* ActivateSwift.app */ = {isa = PBXFileReference; explicitFileType = wrapper.application; includeInIndex = 0; path = ActivateSwift.app; sourceTree = BUILT_PRODUCTS_DIR; };
		F58BB83A2FAF7014005A1B52 /* ActivateSwiftTests.xctest */ = {isa = PBXFileReference; explicitFileType = wrapper.cfbundle; includeInIndex = 0; path = ActivateSwiftTests.xctest; sourceTree = BUILT_PRODUCTS_DIR; };
		F58BB8442FAF7014005A1B52 /* ActivateSwiftUITests.xctest */ = {isa = PBXFileReference; explicitFileType = wrapper.cfbundle; includeInIndex = 0; path = ActivateSwiftUITests.xctest; sourceTree = BUILT_PRODUCTS_DIR; };
/* End PBXFileReference section */

/* Begin PBXFileSystemSynchronizedRootGroup section */
		F58BB82F2FAF7013005A1B52 /* ActivateSwift */ = {
			isa = PBXFileSystemSynchronizedRootGroup;
			path = ActivateSwift;
			sourceTree = "<group>";
		};
		F58BB83D2FAF7014005A1B52 /* ActivateSwiftTests */ = {
			isa = PBXFileSystemSynchronizedRootGroup;
			path = ActivateSwiftTests;
			sourceTree = "<group>";
		};
		F58BB8472FAF7014005A1B52 /* ActivateSwiftUITests */ = {
			isa = PBXFileSystemSynchronizedRootGroup;
			path = ActivateSwiftUITests;
			sourceTree = "<group>";
		};
/* End PBXFileSystemSynchronizedRootGroup section */

/* Begin PBXFrameworksBuildPhase section */
		F58BB82A2FAF7013005A1B52 /* Frameworks */ = {
			isa = PBXFrameworksBuildPhase;
			buildActionMask = 2147483647;
			files = (
			);
			runOnlyForDeploymentPostprocessing = 0;
		};
		F58BB8372FAF7014005A1B52 /* Frameworks */ = {
			isa = PBXFrameworksBuildPhase;
			buildActionMask = 2147483647;
			files = (
			);
			runOnlyForDeploymentPostprocessing = 0;
		};
		F58BB8412FAF7014005A1B52 /* Frameworks */ = {
			isa = PBXFrameworksBuildPhase;
			buildActionMask = 2147483647;
			files = (
			);
			runOnlyForDeploymentPostprocessing = 0;
		};
/* End PBXFrameworksBuildPhase section */

/* Begin PBXGroup section */
		F58BB8242FAF7013005A1B52 = {
			isa = PBXGroup;
			children = (
				F58BB82F2FAF7013005A1B52 /* ActivateSwift */,
				F58BB83D2FAF7014005A1B52 /* ActivateSwiftTests */,
				F58BB8472FAF7014005A1B52 /* ActivateSwiftUITests */,
				F58BB82E2FAF7013005A1B52 /* Products */,
			);
			sourceTree = "<group>";
		};
		F58BB82E2FAF7013005A1B52 /* Products */ = {
			isa = PBXGroup;
			children = (
				F58BB82D2FAF7013005A1B52 /* ActivateSwift.app */,
				F58BB83A2FAF7014005A1B52 /* ActivateSwiftTests.xctest */,
				F58BB8442FAF7014005A1B52 /* ActivateSwiftUITests.xctest */,
			);
			name = Products;
			sourceTree = "<group>";
		};
/* End PBXGroup section */

/* Begin PBXNativeTarget section */
		F58BB82C2FAF7013005A1B52 /* ActivateSwift */ = {
			isa = PBXNativeTarget;
			buildConfigurationList = F58BB84E2FAF7014005A1B52 /* Build configuration list for PBXNativeTarget "ActivateSwift" */;
			buildPhases = (
				F58BB8292FAF7013005A1B52 /* Sources */,
				F58BB82A2FAF7013005A1B52 /* Frameworks */,
				F58BB82B2FAF7013005A1B52 /* Resources */,
			);
			buildRules = (
			);
			dependencies = (
			);
			fileSystemSynchronizedGroups = (
				F58BB82F2FAF7013005A1B52 /* ActivateSwift */,
			);
			name = ActivateSwift;
			packageProductDependencies = (
			);
			productName = ActivateSwift;
			productReference = F58BB82D2FAF7013005A1B52 /* ActivateSwift.app */;
			productType = "com.apple.product-type.application";
		};
		F58BB8392FAF7014005A1B52 /* ActivateSwiftTests */ = {
			isa = PBXNativeTarget;
			buildConfigurationList = F58BB8512FAF7014005A1B52 /* Build configuration list for PBXNativeTarget "ActivateSwiftTests" */;
			buildPhases = (
				F58BB8362FAF7014005A1B52 /* Sources */,
				F58BB8372FAF7014005A1B52 /* Frameworks */,
				F58BB8382FAF7014005A1B52 /* Resources */,
			);
			buildRules = (
			);
			dependencies = (
				F58BB83C2FAF7014005A1B52 /* PBXTargetDependency */,
			);
			fileSystemSynchronizedGroups = (
				F58BB83D2FAF7014005A1B52 /* ActivateSwiftTests */,
			);
			name = ActivateSwiftTests;
			packageProductDependencies = (
			);
			productName = ActivateSwiftTests;
			productReference = F58BB83A2FAF7014005A1B52 /* ActivateSwiftTests.xctest */;
			productType = "com.apple.product-type.bundle.unit-test";
		};
		F58BB8432FAF7014005A1B52 /* ActivateSwiftUITests */ = {
			isa = PBXNativeTarget;
			buildConfigurationList = F58BB8542FAF7014005A1B52 /* Build configuration list for PBXNativeTarget "ActivateSwiftUITests" */;
			buildPhases = (
				F58BB8402FAF7014005A1B52 /* Sources */,
				F58BB8412FAF7014005A1B52 /* Frameworks */,
				F58BB8422FAF7014005A1B52 /* Resources */,
			);
			buildRules = (
			);
			dependencies = (
				F58BB8462FAF7014005A1B52 /* PBXTargetDependency */,
			);
			fileSystemSynchronizedGroups = (
				F58BB8472FAF7014005A1B52 /* ActivateSwiftUITests */,
			);
			name = ActivateSwiftUITests;
			packageProductDependencies = (
			);
			productName = ActivateSwiftUITests;
			productReference = F58BB8442FAF7014005A1B52 /* ActivateSwiftUITests.xctest */;
			productType = "com.apple.product-type.bundle.ui-testing";
		};
/* End PBXNativeTarget section */

/* Begin PBXProject section */
		F58BB8252FAF7013005A1B52 /* Project object */ = {
			isa = PBXProject;
			attributes = {
				BuildIndependentTargetsInParallel = 1;
				LastSwiftUpdateCheck = 2640;
				LastUpgradeCheck = 2640;
				TargetAttributes = {
					F58BB82C2FAF7013005A1B52 = {
						CreatedOnToolsVersion = 26.4.1;
					};
					F58BB8392FAF7014005A1B52 = {
						CreatedOnToolsVersion = 26.4.1;
						TestTargetID = F58BB82C2FAF7013005A1B52;
					};
					F58BB8432FAF7014005A1B52 = {
						CreatedOnToolsVersion = 26.4.1;
						TestTargetID = F58BB82C2FAF7013005A1B52;
					};
				};
			};
			buildConfigurationList = F58BB8282FAF7013005A1B52 /* Build configuration list for PBXProject "ActivateSwift" */;
			developmentRegion = en;
			hasScannedForEncodings = 0;
			knownRegions = (
				en,
				Base,
				pl,
				ru,
				"zh-Hans",
				ja,
				tr,
				de,
				"zh-Hant",
			);
			mainGroup = F58BB8242FAF7013005A1B52;
			minimizedProjectReferenceProxies = 1;
			preferredProjectObjectVersion = 77;
			productRefGroup = F58BB82E2FAF7013005A1B52 /* Products */;
			projectDirPath = "";
			projectRoot = "";
			targets = (
				F58BB82C2FAF7013005A1B52 /* ActivateSwift */,
				F58BB8392FAF7014005A1B52 /* ActivateSwiftTests */,
				F58BB8432FAF7014005A1B52 /* ActivateSwiftUITests */,
			);
		};
/* End PBXProject section */

/* Begin PBXResourcesBuildPhase section */
		F58BB82B2FAF7013005A1B52 /* Resources */ = {
			isa = PBXResourcesBuildPhase;
			buildActionMask = 2147483647;
			files = (
			);
			runOnlyForDeploymentPostprocessing = 0;
		};
		F58BB8382FAF7014005A1B52 /* Resources */ = {
			isa = PBXResourcesBuildPhase;
			buildActionMask = 2147483647;
			files = (
			);
			runOnlyForDeploymentPostprocessing = 0;
		};
		F58BB8422FAF7014005A1B52 /* Resources */ = {
			isa = PBXResourcesBuildPhase;
			buildActionMask = 2147483647;
			files = (
			);
			runOnlyForDeploymentPostprocessing = 0;
		};
/* End PBXResourcesBuildPhase section */

/* Begin PBXSourcesBuildPhase section */
		F58BB8292FAF7013005A1B52 /* Sources */ = {
			isa = PBXSourcesBuildPhase;
			buildActionMask = 2147483647;
			files = (
			);
			runOnlyForDeploymentPostprocessing = 0;
		};
		F58BB8362FAF7014005A1B52 /* Sources */ = {
			isa = PBXSourcesBuildPhase;
			buildActionMask = 2147483647;
			files = (
			);
			runOnlyForDeploymentPostprocessing = 0;
		};
		F58BB8402FAF7014005A1B52 /* Sources */ = {
			isa = PBXSourcesBuildPhase;
			buildActionMask = 2147483647;
			files = (
			);
			runOnlyForDeploymentPostprocessing = 0;
		};
/* End PBXSourcesBuildPhase section */

/* Begin PBXTargetDependency section */
		F58BB83C2FAF7014005A1B52 /* PBXTargetDependency */ = {
			isa = PBXTargetDependency;
			target = F58BB82C2FAF7013005A1B52 /* ActivateSwift */;
			targetProxy = F58BB8592FAF774B005A1B52 /* PBXContainerItemProxy */;
		};
		F58BB8462FAF7014005A1B52 /* PBXTargetDependency */ = {
			isa = PBXTargetDependency;
			target = F58BB82C2FAF7013005A1B52 /* ActivateSwift */;
			targetProxy = F58BB85A2FAF774B005A1B52 /* PBXContainerItemProxy */;
		};
/* End PBXTargetDependency section */

/* Begin XCBuildConfiguration section */
		F58BB84C2FAF7014005A1B52 /* Debug */ = {
			isa = XCBuildConfiguration;
			buildSettings = {
				ALWAYS_SEARCH_USER_PATHS = NO;
				ASSETCATALOG_COMPILER_GENERATE_SWIFT_ASSET_SYMBOL_EXTENSIONS = YES;
				CLANG_ANALYZER_NONNULL = YES;
				CLANG_ANALYZER_NUMBER_OBJECT_CONVERSION = YES_AGGRESSIVE;
				CLANG_CXX_LANGUAGE_STANDARD = "gnu++20";
				CLANG_ENABLE_MODULES = YES;
				CLANG_ENABLE_OBJC_ARC = YES;
				CLANG_ENABLE_OBJC_WEAK = YES;
				CLANG_WARN_BLOCK_CAPTURE_AUTORELEASING = YES;
				CLANG_WARN_BOOL_CONVERSION = YES;
				CLANG_WARN_COMMA = YES;
				CLANG_WARN_CONSTANT_CONVERSION = YES;
				CLANG_WARN_DEPRECATED_OBJC_IMPLEMENTATIONS = YES;
				CLANG_WARN_DIRECT_OBJC_ISA_USAGE = YES_ERROR;
				CLANG_WARN_DOCUMENTATION_COMMENTS = YES;
				CLANG_WARN_EMPTY_BODY = YES;
				CLANG_WARN_ENUM_CONVERSION = YES;
				CLANG_WARN_INFINITE_RECURSION = YES;
				CLANG_WARN_INT_CONVERSION = YES;
				CLANG_WARN_NON_LITERAL_NULL_CONVERSION = YES;
				CLANG_WARN_OBJC_IMPLICIT_RETAIN_SELF = YES;
				CLANG_WARN_OBJC_LITERAL_CONVERSION = YES;
				CLANG_WARN_OBJC_ROOT_CLASS = YES_ERROR;
				CLANG_WARN_QUOTED_INCLUDE_IN_FRAMEWORK_HEADER = YES;
				CLANG_WARN_RANGE_LOOP_ANALYSIS = YES;
				CLANG_WARN_STRICT_PROTOTYPES = YES;
				CLANG_WARN_SUSPICIOUS_MOVE = YES;
				CLANG_WARN_UNGUARDED_AVAILABILITY = YES_AGGRESSIVE;
				CLANG_WARN_UNREACHABLE_CODE = YES;
				CLANG_WARN__DUPLICATE_METHOD_MATCH = YES;
				COPY_PHASE_STRIP = NO;
				DEBUG_INFORMATION_FORMAT = dwarf;
				ENABLE_STRICT_OBJC_MSGSEND = YES;
				ENABLE_TESTABILITY = YES;
				ENABLE_USER_SCRIPT_SANDBOXING = YES;
				GCC_C_LANGUAGE_STANDARD = gnu17;
				GCC_DYNAMIC_NO_PIC = NO;
				GCC_NO_COMMON_BLOCKS = YES;
				GCC_OPTIMIZATION_LEVEL = 0;
				GCC_PREPROCESSOR_DEFINITIONS = (
					"DEBUG=1",
					"$(inherited)",
				);
				GCC_WARN_64_TO_32_BIT_CONVERSION = YES;
				GCC_WARN_ABOUT_RETURN_TYPE = YES_ERROR;
				GCC_WARN_UNDECLARED_SELECTOR = YES;
				GCC_WARN_UNINITIALIZED_AUTOS = YES_AGGRESSIVE;
				GCC_WARN_UNUSED_FUNCTION = YES;
				GCC_WARN_UNUSED_VARIABLE = YES;
				LOCALIZATION_PREFERS_STRING_CATALOGS = YES;
				MACOSX_DEPLOYMENT_TARGET = 10.13;
				MTL_ENABLE_DEBUG_INFO = INCLUDE_SOURCE;
				MTL_FAST_MATH = YES;
				ONLY_ACTIVE_ARCH = YES;
				SDKROOT = macosx;
				SWIFT_ACTIVE_COMPILATION_CONDITIONS = "DEBUG $(inherited)";
				SWIFT_OPTIMIZATION_LEVEL = "-Onone";
			};
			name = Debug;
		};
		F58BB84D2FAF7014005A1B52 /* Release */ = {
			isa = XCBuildConfiguration;
			buildSettings = {
				ALWAYS_SEARCH_USER_PATHS = NO;
				ASSETCATALOG_COMPILER_GENERATE_SWIFT_ASSET_SYMBOL_EXTENSIONS = YES;
				CLANG_ANALYZER_NONNULL = YES;
				CLANG_ANALYZER_NUMBER_OBJECT_CONVERSION = YES_AGGRESSIVE;
				CLANG_CXX_LANGUAGE_STANDARD = "gnu++20";
				CLANG_ENABLE_MODULES = YES;
				CLANG_ENABLE_OBJC_ARC = YES;
				CLANG_ENABLE_OBJC_WEAK = YES;
				CLANG_WARN_BLOCK_CAPTURE_AUTORELEASING = YES;
				CLANG_WARN_BOOL_CONVERSION = YES;
				CLANG_WARN_COMMA = YES;
				CLANG_WARN_CONSTANT_CONVERSION = YES;
				CLANG_WARN_DEPRECATED_OBJC_IMPLEMENTATIONS = YES;
				CLANG_WARN_DIRECT_OBJC_ISA_USAGE = YES_ERROR;
				CLANG_WARN_DOCUMENTATION_COMMENTS = YES;
				CLANG_WARN_EMPTY_BODY = YES;
				CLANG_WARN_ENUM_CONVERSION = YES;
				CLANG_WARN_INFINITE_RECURSION = YES;
				CLANG_WARN_INT_CONVERSION = YES;
				CLANG_WARN_NON_LITERAL_NULL_CONVERSION = YES;
				CLANG_WARN_OBJC_IMPLICIT_RETAIN_SELF = YES;
				CLANG_WARN_OBJC_LITERAL_CONVERSION = YES;
				CLANG_WARN_OBJC_ROOT_CLASS = YES_ERROR;
				CLANG_WARN_QUOTED_INCLUDE_IN_FRAMEWORK_HEADER = YES;
				CLANG_WARN_RANGE_LOOP_ANALYSIS = YES;
				CLANG_WARN_STRICT_PROTOTYPES = YES;
				CLANG_WARN_SUSPICIOUS_MOVE = YES;
				CLANG_WARN_UNGUARDED_AVAILABILITY = YES_AGGRESSIVE;
				CLANG_WARN_UNREACHABLE_CODE = YES;
				CLANG_WARN__DUPLICATE_METHOD_MATCH = YES;
				COPY_PHASE_STRIP = NO;
				DEBUG_INFORMATION_FORMAT = "dwarf-with-dsym";
				ENABLE_NS_ASSERTIONS = NO;
				ENABLE_STRICT_OBJC_MSGSEND = YES;
				ENABLE_USER_SCRIPT_SANDBOXING = YES;
				GCC_C_LANGUAGE_STANDARD = gnu17;
				GCC_NO_COMMON_BLOCKS = YES;
				GCC_WARN_64_TO_32_BIT_CONVERSION = YES;
				GCC_WARN_ABOUT_RETURN_TYPE = YES_ERROR;
				GCC_WARN_UNDECLARED_SELECTOR = YES;
				GCC_WARN_UNINITIALIZED_AUTOS = YES_AGGRESSIVE;
				GCC_WARN_UNUSED_FUNCTION = YES;
				GCC_WARN_UNUSED_VARIABLE = YES;
				LOCALIZATION_PREFERS_STRING_CATALOGS = YES;
				MACOSX_DEPLOYMENT_TARGET = 10.13;
				MTL_ENABLE_DEBUG_INFO = NO;
				MTL_FAST_MATH = YES;
				SDKROOT = macosx;
				SWIFT_COMPILATION_MODE = wholemodule;
			};
			name = Release;
		};
		F58BB84F2FAF7014005A1B52 /* Debug */ = {
			isa = XCBuildConfiguration;
			buildSettings = {
				ASSETCATALOG_COMPILER_APPICON_NAME = AppIcon;
				ASSETCATALOG_COMPILER_GLOBAL_ACCENT_COLOR_NAME = AccentColor;
				CODE_SIGN_STYLE = Automatic;
				COMBINE_HIDPI_IMAGES = YES;
				CURRENT_PROJECT_VERSION = 1;
				ENABLE_APP_SANDBOX = YES;
				ENABLE_PREVIEWS = YES;
				ENABLE_USER_SELECTED_FILES = readonly;
				GENERATE_INFOPLIST_FILE = YES;
				INFOPLIST_KEY_NSHumanReadableCopyright = "";
				LD_RUNPATH_SEARCH_PATHS = (
					"$(inherited)",
					"@executable_path/../Frameworks",
				);
				MARKETING_VERSION = 1.0;
				PRODUCT_BUNDLE_IDENTIFIER = jp.3kn.ActivateSwift;
				PRODUCT_NAME = "$(TARGET_NAME)";
				REGISTER_APP_GROUPS = YES;
				STRING_CATALOG_GENERATE_SYMBOLS = YES;
				SWIFT_APPROACHABLE_CONCURRENCY = YES;
				SWIFT_DEFAULT_ACTOR_ISOLATION = MainActor;
				SWIFT_EMIT_LOC_STRINGS = YES;
				SWIFT_UPCOMING_FEATURE_MEMBER_IMPORT_VISIBILITY = YES;
				SWIFT_VERSION = 5.0;
			};
			name = Debug;
		};
		F58BB8502FAF7014005A1B52 /* Release */ = {
			isa = XCBuildConfiguration;
			buildSettings = {
				ASSETCATALOG_COMPILER_APPICON_NAME = AppIcon;
				ASSETCATALOG_COMPILER_GLOBAL_ACCENT_COLOR_NAME = AccentColor;
				CODE_SIGN_STYLE = Automatic;
				COMBINE_HIDPI_IMAGES = YES;
				CURRENT_PROJECT_VERSION = 1;
				ENABLE_APP_SANDBOX = YES;
				ENABLE_PREVIEWS = YES;
				ENABLE_USER_SELECTED_FILES = readonly;
				GENERATE_INFOPLIST_FILE = YES;
				INFOPLIST_KEY_NSHumanReadableCopyright = "";
				LD_RUNPATH_SEARCH_PATHS = (
					"$(inherited)",
					"@executable_path/../Frameworks",
				);
				MARKETING_VERSION = 1.0;
				PRODUCT_BUNDLE_IDENTIFIER = jp.3kn.ActivateSwift;
				PRODUCT_NAME = "$(TARGET_NAME)";
				REGISTER_APP_GROUPS = YES;
				STRING_CATALOG_GENERATE_SYMBOLS = YES;
				SWIFT_APPROACHABLE_CONCURRENCY = YES;
				SWIFT_DEFAULT_ACTOR_ISOLATION = MainActor;
				SWIFT_EMIT_LOC_STRINGS = YES;
				SWIFT_UPCOMING_FEATURE_MEMBER_IMPORT_VISIBILITY = YES;
				SWIFT_VERSION = 5.0;
			};
			name = Release;
		};
		F58BB8522FAF7014005A1B52 /* Debug */ = {
			isa = XCBuildConfiguration;
			buildSettings = {
				BUNDLE_LOADER = "$(TEST_HOST)";
				CODE_SIGN_STYLE = Automatic;
				CURRENT_PROJECT_VERSION = 1;
				GENERATE_INFOPLIST_FILE = YES;
				MACOSX_DEPLOYMENT_TARGET = 10.13;
				MARKETING_VERSION = 1.0;
				PRODUCT_BUNDLE_IDENTIFIER = jp.3kn.ActivateSwiftTests;
				PRODUCT_NAME = "$(TARGET_NAME)";
				STRING_CATALOG_GENERATE_SYMBOLS = NO;
				SWIFT_APPROACHABLE_CONCURRENCY = YES;
				SWIFT_EMIT_LOC_STRINGS = NO;
				SWIFT_UPCOMING_FEATURE_MEMBER_IMPORT_VISIBILITY = YES;
				SWIFT_VERSION = 5.0;
				TEST_HOST = "$(BUILT_PRODUCTS_DIR)/ActivateSwift.app/$(BUNDLE_EXECUTABLE_FOLDER_PATH)/ActivateSwift";
			};
			name = Debug;
		};
		F58BB8532FAF7014005A1B52 /* Release */ = {
			isa = XCBuildConfiguration;
			buildSettings = {
				BUNDLE_LOADER = "$(TEST_HOST)";
				CODE_SIGN_STYLE = Automatic;
				CURRENT_PROJECT_VERSION = 1;
				GENERATE_INFOPLIST_FILE = YES;
				MACOSX_DEPLOYMENT_TARGET = 10.13;
				MARKETING_VERSION = 1.0;
				PRODUCT_BUNDLE_IDENTIFIER = jp.3kn.ActivateSwiftTests;
				PRODUCT_NAME = "$(TARGET_NAME)";
				STRING_CATALOG_GENERATE_SYMBOLS = NO;
				SWIFT_APPROACHABLE_CONCURRENCY = YES;
				SWIFT_EMIT_LOC_STRINGS = NO;
				SWIFT_UPCOMING_FEATURE_MEMBER_IMPORT_VISIBILITY = YES;
				SWIFT_VERSION = 5.0;
				TEST_HOST = "$(BUILT_PRODUCTS_DIR)/ActivateSwift.app/$(BUNDLE_EXECUTABLE_FOLDER_PATH)/ActivateSwift";
			};
			name = Release;
		};
		F58BB8552FAF7014005A1B52 /* Debug */ = {
			isa = XCBuildConfiguration;
			buildSettings = {
				CODE_SIGN_STYLE = Automatic;
				CURRENT_PROJECT_VERSION = 1;
				GENERATE_INFOPLIST_FILE = YES;
				MARKETING_VERSION = 1.0;
				PRODUCT_BUNDLE_IDENTIFIER = jp.3kn.ActivateSwiftUITests;
				PRODUCT_NAME = "$(TARGET_NAME)";
				STRING_CATALOG_GENERATE_SYMBOLS = NO;
				SWIFT_APPROACHABLE_CONCURRENCY = YES;
				SWIFT_EMIT_LOC_STRINGS = NO;
				SWIFT_UPCOMING_FEATURE_MEMBER_IMPORT_VISIBILITY = YES;
				SWIFT_VERSION = 5.0;
				TEST_TARGET_NAME = ActivateSwift;
			};
			name = Debug;
		};
		F58BB8562FAF7014005A1B52 /* Release */ = {
			isa = XCBuildConfiguration;
			buildSettings = {
				CODE_SIGN_STYLE = Automatic;
				CURRENT_PROJECT_VERSION = 1;
				GENERATE_INFOPLIST_FILE = YES;
				MARKETING_VERSION = 1.0;
				PRODUCT_BUNDLE_IDENTIFIER = jp.3kn.ActivateSwiftUITests;
				PRODUCT_NAME = "$(TARGET_NAME)";
				STRING_CATALOG_GENERATE_SYMBOLS = NO;
				SWIFT_APPROACHABLE_CONCURRENCY = YES;
				SWIFT_EMIT_LOC_STRINGS = NO;
				SWIFT_UPCOMING_FEATURE_MEMBER_IMPORT_VISIBILITY = YES;
				SWIFT_VERSION = 5.0;
				TEST_TARGET_NAME = ActivateSwift;
			};
			name = Release;
		};
/* End XCBuildConfiguration section */

/* Begin XCConfigurationList section */
		F58BB8282FAF7013005A1B52 /* Build configuration list for PBXProject "ActivateSwift" */ = {
			isa = XCConfigurationList;
			buildConfigurations = (
				F58BB84C2FAF7014005A1B52 /* Debug */,
				F58BB84D2FAF7014005A1B52 /* Release */,
			);
			defaultConfigurationIsVisible = 0;
			defaultConfigurationName = Release;
		};
		F58BB84E2FAF7014005A1B52 /* Build configuration list for PBXNativeTarget "ActivateSwift" */ = {
			isa = XCConfigurationList;
			buildConfigurations = (
				F58BB84F2FAF7014005A1B52 /* Debug */,
				F58BB8502FAF7014005A1B52 /* Release */,
			);
			defaultConfigurationIsVisible = 0;
			defaultConfigurationName = Release;
		};
		F58BB8512FAF7014005A1B52 /* Build configuration list for PBXNativeTarget "ActivateSwiftTests" */ = {
			isa = XCConfigurationList;
			buildConfigurations = (
				F58BB8522FAF7014005A1B52 /* Debug */,
				F58BB8532FAF7014005A1B52 /* Release */,
			);
			defaultConfigurationIsVisible = 0;
			defaultConfigurationName = Release;
		};
		F58BB8542FAF7014005A1B52 /* Build configuration list for PBXNativeTarget "ActivateSwiftUITests" */ = {
			isa = XCConfigurationList;
			buildConfigurations = (
				F58BB8552FAF7014005A1B52 /* Debug */,
				F58BB8562FAF7014005A1B52 /* Release */,
			);
			defaultConfigurationIsVisible = 0;
			defaultConfigurationName = Release;
		};
/* End XCConfigurationList section */
	};
	rootObject = F58BB8252FAF7013005A1B52 /* Project object */;
}
